
Microsoft Visual Studio Solution File, Format Version 12.00
# Visual Studio Version 17
VisualStudioVersion = 17.7.34024.191
MinimumVisualStudioVersion = 10.0.40219.1
Project("{FAE04EC0-301F-11D3-BF4B-00C04F79EFBC}") = "ContextoAcademico", "ContextoAcademico\ContextoAcademico.csproj", "{035092DD-74CA-4ABD-BD1F-3C0D4D0C32B6}"
EndProject
Global
	GlobalSection(SolutionConfigurationPlatforms) = preSolution
		Debug|Any CPU = Debug|Any CPU
		Release|Any CPU = Release|Any CPU
	EndGlobalSection
	GlobalSection(ProjectConfigurationPlatforms) = postSolution
		{035092DD-74CA-4ABD-BD1F-3C0D4D0C32B6}.Debug|Any CPU.ActiveCfg = Debug|Any CPU
		{035092DD-74CA-4ABD-BD1F-3C0D4D0C32B6}.Debug|Any CPU.Build.0 = Debug|Any CPU
		{035092DD-74CA-4ABD-BD1F-3C0D4D0C32B6}.Release|Any CPU.ActiveCfg = Release|Any CPU
		{035092DD-74CA-4ABD-BD1F-3C0D4D0C32B6}.Release|Any CPU.Build.0 = Release|Any CPU
	EndGlobalSection
	GlobalSection(SolutionProperties) = preSolution
		HideSolutionNode = FALSE
	EndGlobalSection
	GlobalSection(ExtensibilityGlobals) = postSolution
		SolutionGuid = {D9A2F5E9-80BE-42CB-A4C3-3B07D875283B}
	EndGlobalSection
EndGlobal
